
Microsoft Visual Studio Solution File, Format Version 12.00
# Visual Studio 2015
Project("{FAE04EC0-301F-11D3-BF4B-00C04F79EFBC}") = "PresentingRoom", "PresentingRoom.csproj", "{148571EF-BDB7-3750-B115-1DFD0CCF6219}"
EndProject
Project("{FAE04EC0-301F-11D3-BF4B-00C04F79EFBC}") = "PresentingRoom.Editor", "PresentingRoom.Editor.csproj", "{8D937F9C-FE4F-EC7B-1392-44F6AF8C6F61}"
EndProject
Global
	GlobalSection(SolutionConfigurationPlatforms) = preSolution
		Debug|Any CPU = Debug|Any CPU
		Release|Any CPU = Release|Any CPU
	EndGlobalSection
	GlobalSection(ProjectConfigurationPlatforms) = postSolution
		{148571EF-BDB7-3750-B115-1DFD0CCF6219}.Debug|Any CPU.ActiveCfg = Debug|Any CPU
		{148571EF-BDB7-3750-B115-1DFD0CCF6219}.Debug|Any CPU.Build.0 = Debug|Any CPU
		{148571EF-BDB7-3750-B115-1DFD0CCF6219}.Release|Any CPU.ActiveCfg = Release|Any CPU
		{148571EF-BDB7-3750-B115-1DFD0CCF6219}.Release|Any CPU.Build.0 = Release|Any CPU
		{8D937F9C-FE4F-EC7B-1392-44F6AF8C6F61}.Debug|Any CPU.ActiveCfg = Debug|Any CPU
		{8D937F9C-FE4F-EC7B-1392-44F6AF8C6F61}.Debug|Any CPU.Build.0 = Debug|Any CPU
		{8D937F9C-FE4F-EC7B-1392-44F6AF8C6F61}.Release|Any CPU.ActiveCfg = Release|Any CPU
		{8D937F9C-FE4F-EC7B-1392-44F6AF8C6F61}.Release|Any CPU.Build.0 = Release|Any CPU
	EndGlobalSection
	GlobalSection(SolutionProperties) = preSolution
		HideSolutionNode = FALSE
	EndGlobalSection
EndGlobal
